
Microsoft Visual Studio Solution File, Format Version 12.00
# Visual Studio Version 16
VisualStudioVersion = 16.0.29613.14
MinimumVisualStudioVersion = 10.0.40219.1
Project("{FAE04EC0-301F-11D3-BF4B-00C04F79EFBC}") = "COMP123-Lesson4", "COMP123-Lesson4.csproj", "{A6575144-110A-4023-A171-C24FE1818C67}"
EndProject
Global
	GlobalSection(SolutionConfigurationPlatforms) = preSolution
		Debug|Any CPU = Debug|Any CPU
		Release|Any CPU = Release|Any CPU
	EndGlobalSection
	GlobalSection(ProjectConfigurationPlatforms) = postSolution
		{A6575144-110A-4023-A171-C24FE1818C67}.Debug|Any CPU.ActiveCfg = Debug|Any CPU
		{A6575144-110A-4023-A171-C24FE1818C67}.Debug|Any CPU.Build.0 = Debug|Any CPU
		{A6575144-110A-4023-A171-C24FE1818C67}.Release|Any CPU.ActiveCfg = Release|Any CPU
		{A6575144-110A-4023-A171-C24FE1818C67}.Release|Any CPU.Build.0 = Release|Any CPU
	EndGlobalSection
	GlobalSection(SolutionProperties) = preSolution
		HideSolutionNode = FALSE
	EndGlobalSection
	GlobalSection(ExtensibilityGlobals) = postSolution
		SolutionGuid = {D461D04D-108C-4846-9721-A12B6A263B42}
	EndGlobalSection
EndGlobal
